{
  "name": "ProntoApp",
  "lockfileVersion": 3,
  "requires": true,
  "packages": {
    "": {
      "dependencies": {
        "leaflet": "^1.9.4",
        "phaser": "^3.80.1"
      }
    },
    "node_modules/eventemitter3": {
      "version": "5.0.1",
      "resolved": "https://registry.npmjs.org/eventemitter3/-/eventemitter3-5.0.1.tgz",
      "integrity": "sha512-GWkBvjiSZK87ELrYOSESUYeVIc9mvLLf/nXalMOS5dYrgZq9o5OVkbZAVM06CVxYsCwH9BDZFPlQTlPA1j4ahA=="
    },
    "node_modules/leaflet": {
      "version": "1.9.4",
      "resolved": "https://registry.npmjs.org/leaflet/-/leaflet-1.9.4.tgz",
      "integrity": "sha512-nxS1ynzJOmOlHp+iL3FyWqK89GtNL8U8rvlMOsQdTTssxZwCXh8N2NB3GDQOL+YR3XnWyZAxwQixURb+FA74PA=="
    },
    "node_modules/phaser": {
      "version": "3.80.1",
      "resolved": "https://registry.npmjs.org/phaser/-/phaser-3.80.1.tgz",
      "integrity": "sha512-VQGAWoDOkEpAWYkI+PUADv5Ql+SM0xpLuAMBJHz9tBcOLqjJ2wd8bUhxJgOqclQlLTg97NmMd9MhS75w16x1Cw==",
      "dependencies": {
        "eventemitter3": "^5.0.1"
      }
    }
  }
}
